
Microsoft Visual Studio Solution File, Format Version 12.00
# Visual Studio Version 17
VisualStudioVersion = 17.11.35312.102
MinimumVisualStudioVersion = 10.0.40219.1
Project("{FAE04EC0-301F-11D3-BF4B-00C04F79EFBC}") = "JenkinsDemo", "JenkinsDemo\JenkinsDemo.csproj", "{93B47B62-671A-422D-8524-10C0CFC6C988}"
EndProject
Global
	GlobalSection(SolutionConfigurationPlatforms) = preSolution
		Debug|Any CPU = Debug|Any CPU
		Release|Any CPU = Release|Any CPU
	EndGlobalSection
	GlobalSection(ProjectConfigurationPlatforms) = postSolution
		{93B47B62-671A-422D-8524-10C0CFC6C988}.Debug|Any CPU.ActiveCfg = Debug|Any CPU
		{93B47B62-671A-422D-8524-10C0CFC6C988}.Debug|Any CPU.Build.0 = Debug|Any CPU
		{93B47B62-671A-422D-8524-10C0CFC6C988}.Release|Any CPU.ActiveCfg = Release|Any CPU
		{93B47B62-671A-422D-8524-10C0CFC6C988}.Release|Any CPU.Build.0 = Release|Any CPU
	EndGlobalSection
	GlobalSection(SolutionProperties) = preSolution
		HideSolutionNode = FALSE
	EndGlobalSection
	GlobalSection(ExtensibilityGlobals) = postSolution
		SolutionGuid = {9516E74B-99E9-426D-9215-E8B08A15E84C}
	EndGlobalSection
EndGlobal
